// !$*UTF8*$!
{
	archiveVersion = 1;
	classes = {
	};
	objectVersion = 77;
	objects = {

/* Begin PBXBuildFile section */
		A4EC8D782E25D56100F038F4 /* ActivityView.swift in Sources */ = {isa = PBXBuildFile; fileRef = A4EC8D772E25D56100F038F4 /* ActivityView.swift */; };
/* End PBXBuildFile section */

/* Begin PBXContainerItemProxy section */
		A4EC8D202E25CAC700F038F4 /* PBXContainerItemProxy */ = {
			isa = PBXContainerItemProxy;
			containerPortal = A4EC8D072E25CAC500F038F4 /* Project object */;
			proxyType = 1;
			remoteGlobalIDString = A4EC8D0E2E25CAC500F038F4;
			remoteInfo = iHabit;
		};
		A4EC8D2A2E25CAC700F038F4 /* PBXContainerItemProxy */ = {
			isa = PBXContainerItemProxy;
			containerPortal = A4EC8D072E25CAC500F038F4 /* Project object */;
			proxyType = 1;
			remoteGlobalIDString = A4EC8D0E2E25CAC500F038F4;
			remoteInfo = iHabit;
		};
/* End PBXContainerItemProxy section */

/* Begin PBXFileReference section */
		A4EC8D0F2E25CAC500F038F4 /* iHabit.app */ = {isa = PBXFileReference; explicitFileType = wrapper.application; includeInIndex = 0; path = iHabit.app; sourceTree = BUILT_PRODUCTS_DIR; };
		A4EC8D1F2E25CAC700F038F4 /* iHabitTests.xctest */ = {isa = PBXFileReference; explicitFileType = wrapper.cfbundle; includeInIndex = 0; path = iHabitTests.xctest; sourceTree = BUILT_PRODUCTS_DIR; };
		A4EC8D292E25CAC700F038F4 /* iHabitUITests.xctest */ = {isa = PBXFileReference; explicitFileType = wrapper.cfbundle; includeInIndex = 0; path = iHabitUITests.xctest; sourceTree = BUILT_PRODUCTS_DIR; };
		A4EC8D772E25D56100F038F4 /* ActivityView.swift */ = {isa = PBXFileReference; lastKnownFileType = sourcecode.swift; path = ActivityView.swift; sourceTree = "<group>"; };
/* End PBXFileReference section */

/* Begin PBXFileSystemSynchronizedRootGroup section */
		A4EC8D112E25CAC500F038F4 /* iHabit */ = {
			isa = PBXFileSystemSynchronizedRootGroup;
			path = iHabit;
			sourceTree = "<group>";
		};
		A4EC8D222E25CAC700F038F4 /* iHabitTests */ = {
			isa = PBXFileSystemSynchronizedRootGroup;
			path = iHabitTests;
			sourceTree = "<group>";
		};
		A4EC8D2C2E25CAC700F038F4 /* iHabitUITests */ = {
			isa = PBXFileSystemSynchronizedRootGroup;
			path = iHabitUITests;
			sourceTree = "<group>";
		};
/* End PBXFileSystemSynchronizedRootGroup section */

/* Begin PBXFrameworksBuildPhase section */
		A4EC8D0C2E25CAC500F038F4 /* Frameworks */ = {
			isa = PBXFrameworksBuildPhase;
			buildActionMask = 2147483647;
			files = (
			);
			runOnlyForDeploymentPostprocessing = 0;
		};
		A4EC8D1C2E25CAC700F038F4 /* Frameworks */ = {
			isa = PBXFrameworksBuildPhase;
			buildActionMask = 2147483647;
			files = (
			);
			runOnlyForDeploymentPostprocessing = 0;
		};
		A4EC8D262E25CAC700F038F4 /* Frameworks */ = {
			isa = PBXFrameworksBuildPhase;
			buildActionMask = 2147483647;
			files = (
			);
			runOnlyForDeploymentPostprocessing = 0;
		};
/* End PBXFrameworksBuildPhase section */

/* Begin PBXGroup section */
		A4EC8D062E25CAC500F038F4 = {
			isa = PBXGroup;
			children = (
				A4EC8D772E25D56100F038F4 /* ActivityView.swift */,
				A4EC8D112E25CAC500F038F4 /* iHabit */,
				A4EC8D222E25CAC700F038F4 /* iHabitTests */,
				A4EC8D2C2E25CAC700F038F4 /* iHabitUITests */,
				A4EC8D102E25CAC500F038F4 /* Products */,
			);
			sourceTree = "<group>";
		};
		A4EC8D102E25CAC500F038F4 /* Products */ = {
			isa = PBXGroup;
			children = (
				A4EC8D0F2E25CAC500F038F4 /* iHabit.app */,
				A4EC8D1F2E25CAC700F038F4 /* iHabitTests.xctest */,
				A4EC8D292E25CAC700F038F4 /* iHabitUITests.xctest */,
			);
			name = Products;
			sourceTree = "<group>";
		};
/* End PBXGroup section */

/* Begin PBXNativeTarget section */
		A4EC8D0E2E25CAC500F038F4 /* iHabit */ = {
			isa = PBXNativeTarget;
			buildConfigurationList = A4EC8D332E25CAC700F038F4 /* Build configuration list for PBXNativeTarget "iHabit" */;
			buildPhases = (
				A4EC8D0B2E25CAC500F038F4 /* Sources */,
				A4EC8D0C2E25CAC500F038F4 /* Frameworks */,
				A4EC8D0D2E25CAC500F038F4 /* Resources */,
			);
			buildRules = (
			);
			dependencies = (
			);
			fileSystemSynchronizedGroups = (
				A4EC8D112E25CAC500F038F4 /* iHabit */,
			);
			name = iHabit;
			packageProductDependencies = (
			);
			productName = iHabit;
			productReference = A4EC8D0F2E25CAC500F038F4 /* iHabit.app */;
			productType = "com.apple.product-type.application";
		};
		A4EC8D1E2E25CAC700F038F4 /* iHabitTests */ = {
			isa = PBXNativeTarget;
			buildConfigurationList = A4EC8D362E25CAC700F038F4 /* Build configuration list for PBXNativeTarget "iHabitTests" */;
			buildPhases = (
				A4EC8D1B2E25CAC700F038F4 /* Sources */,
				A4EC8D1C2E25CAC700F038F4 /* Frameworks */,
				A4EC8D1D2E25CAC700F038F4 /* Resources */,
			);
			buildRules = (
			);
			dependencies = (
				A4EC8D212E25CAC700F038F4 /* PBXTargetDependency */,
			);
			fileSystemSynchronizedGroups = (
				A4EC8D222E25CAC700F038F4 /* iHabitTests */,
			);
			name = iHabitTests;
			packageProductDependencies = (
			);
			productName = iHabitTests;
			productReference = A4EC8D1F2E25CAC700F038F4 /* iHabitTests.xctest */;
			productType = "com.apple.product-type.bundle.unit-test";
		};
		A4EC8D282E25CAC700F038F4 /* iHabitUITests */ = {
			isa = PBXNativeTarget;
			buildConfigurationList = A4EC8D392E25CAC700F038F4 /* Build configuration list for PBXNativeTarget "iHabitUITests" */;
			buildPhases = (
				A4EC8D252E25CAC700F038F4 /* Sources */,
				A4EC8D262E25CAC700F038F4 /* Frameworks */,
				A4EC8D272E25CAC700F038F4 /* Resources */,
			);
			buildRules = (
			);
			dependencies = (
				A4EC8D2B2E25CAC700F038F4 /* PBXTargetDependency */,
			);
			fileSystemSynchronizedGroups = (
				A4EC8D2C2E25CAC700F038F4 /* iHabitUITests */,
			);
			name = iHabitUITests;
			packageProductDependencies = (
			);
			productName = iHabitUITests;
			productReference = A4EC8D292E25CAC700F038F4 /* iHabitUITests.xctest */;
			productType = "com.apple.product-type.bundle.ui-testing";
		};
/* End PBXNativeTarget section */

/* Begin PBXProject section */
		A4EC8D072E25CAC500F038F4 /* Project object */ = {
			isa = PBXProject;
			attributes = {
				BuildIndependentTargetsInParallel = 1;
				LastSwiftUpdateCheck = 1620;
				LastUpgradeCheck = 1620;
				TargetAttributes = {
					A4EC8D0E2E25CAC500F038F4 = {
						CreatedOnToolsVersion = 16.2;
					};
					A4EC8D1E2E25CAC700F038F4 = {
						CreatedOnToolsVersion = 16.2;
						TestTargetID = A4EC8D0E2E25CAC500F038F4;
					};
					A4EC8D282E25CAC700F038F4 = {
						CreatedOnToolsVersion = 16.2;
						TestTargetID = A4EC8D0E2E25CAC500F038F4;
					};
				};
			};
			buildConfigurationList = A4EC8D0A2E25CAC500F038F4 /* Build configuration list for PBXProject "iHabit" */;
			developmentRegion = en;
			hasScannedForEncodings = 0;
			knownRegions = (
				en,
				Base,
			);
			mainGroup = A4EC8D062E25CAC500F038F4;
			minimizedProjectReferenceProxies = 1;
			preferredProjectObjectVersion = 77;
			productRefGroup = A4EC8D102E25CAC500F038F4 /* Products */;
			projectDirPath = "";
			projectRoot = "";
			targets = (
				A4EC8D0E2E25CAC500F038F4 /* iHabit */,
				A4EC8D1E2E25CAC700F038F4 /* iHabitTests */,
				A4EC8D282E25CAC700F038F4 /* iHabitUITests */,
			);
		};
/* End PBXProject section */

/* Begin PBXResourcesBuildPhase section */
		A4EC8D0D2E25CAC500F038F4 /* Resources */ = {
			isa = PBXResourcesBuildPhase;
			buildActionMask = 2147483647;
			files = (
			);
			runOnlyForDeploymentPostprocessing = 0;
		};
		A4EC8D1D2E25CAC700F038F4 /* Resources */ = {
			isa = PBXResourcesBuildPhase;
			buildActionMask = 2147483647;
			files = (
			);
			runOnlyForDeploymentPostprocessing = 0;
		};
		A4EC8D272E25CAC700F038F4 /* Resources */ = {
			isa = PBXResourcesBuildPhase;
			buildActionMask = 2147483647;
			files = (
			);
			runOnlyForDeploymentPostprocessing = 0;
		};
/* End PBXResourcesBuildPhase section */

/* Begin PBXSourcesBuildPhase section */
		A4EC8D0B2E25CAC500F038F4 /* Sources */ = {
			isa = PBXSourcesBuildPhase;
			buildActionMask = 2147483647;
			files = (
				A4EC8D782E25D56100F038F4 /* ActivityView.swift in Sources */,
			);
			runOnlyForDeploymentPostprocessing = 0;
		};
		A4EC8D1B2E25CAC700F038F4 /* Sources */ = {
			isa = PBXSourcesBuildPhase;
			buildActionMask = 2147483647;
			files = (
			);
			runOnlyForDeploymentPostprocessing = 0;
		};
		A4EC8D252E25CAC700F038F4 /* Sources */ = {
			isa = PBXSourcesBuildPhase;
			buildActionMask = 2147483647;
			files = (
			);
			runOnlyForDeploymentPostprocessing = 0;
		};
/* End PBXSourcesBuildPhase section */

/* Begin PBXTargetDependency section */
		A4EC8D212E25CAC700F038F4 /* PBXTargetDependency */ = {
			isa = PBXTargetDependency;
			target = A4EC8D0E2E25CAC500F038F4 /* iHabit */;
			targetProxy = A4EC8D202E25CAC700F038F4 /* PBXContainerItemProxy */;
		};
		A4EC8D2B2E25CAC700F038F4 /* PBXTargetDependency */ = {
			isa = PBXTargetDependency;
			target = A4EC8D0E2E25CAC500F038F4 /* iHabit */;
			targetProxy = A4EC8D2A2E25CAC700F038F4 /* PBXContainerItemProxy */;
		};
/* End PBXTargetDependency section */

/* Begin XCBuildConfiguration section */
		A4EC8D312E25CAC700F038F4 /* Debug */ = {
			isa = XCBuildConfiguration;
			buildSettings = {
				ALWAYS_SEARCH_USER_PATHS = NO;
				ASSETCATALOG_COMPILER_GENERATE_SWIFT_ASSET_SYMBOL_EXTENSIONS = YES;
				CLANG_ANALYZER_NONNULL = YES;
				CLANG_ANALYZER_NUMBER_OBJECT_CONVERSION = YES_AGGRESSIVE;
				CLANG_CXX_LANGUAGE_STANDARD = "gnu++20";
				CLANG_ENABLE_MODULES = YES;
				CLANG_ENABLE_OBJC_ARC = YES;
				CLANG_ENABLE_OBJC_WEAK = YES;
				CLANG_WARN_BLOCK_CAPTURE_AUTORELEASING = YES;
				CLANG_WARN_BOOL_CONVERSION = YES;
				CLANG_WARN_COMMA = YES;
				CLANG_WARN_CONSTANT_CONVERSION = YES;
				CLANG_WARN_DEPRECATED_OBJC_IMPLEMENTATIONS = YES;
				CLANG_WARN_DIRECT_OBJC_ISA_USAGE = YES_ERROR;
				CLANG_WARN_DOCUMENTATION_COMMENTS = YES;
				CLANG_WARN_EMPTY_BODY = YES;
				CLANG_WARN_ENUM_CONVERSION = YES;
				CLANG_WARN_INFINITE_RECURSION = YES;
				CLANG_WARN_INT_CONVERSION = YES;
				CLANG_WARN_NON_LITERAL_NULL_CONVERSION = YES;
				CLANG_WARN_OBJC_IMPLICIT_RETAIN_SELF = YES;
				CLANG_WARN_OBJC_LITERAL_CONVERSION = YES;
				CLANG_WARN_OBJC_ROOT_CLASS = YES_ERROR;
				CLANG_WARN_QUOTED_INCLUDE_IN_FRAMEWORK_HEADER = YES;
				CLANG_WARN_RANGE_LOOP_ANALYSIS = YES;
				CLANG_WARN_STRICT_PROTOTYPES = YES;
				CLANG_WARN_SUSPICIOUS_MOVE = YES;
				CLANG_WARN_UNGUARDED_AVAILABILITY = YES_AGGRESSIVE;
				CLANG_WARN_UNREACHABLE_CODE = YES;
				CLANG_WARN__DUPLICATE_METHOD_MATCH = YES;
				COPY_PHASE_STRIP = NO;
				DEBUG_INFORMATION_FORMAT = dwarf;
				ENABLE_STRICT_OBJC_MSGSEND = YES;
				ENABLE_TESTABILITY = YES;
				ENABLE_USER_SCRIPT_SANDBOXING = YES;
				GCC_C_LANGUAGE_STANDARD = gnu17;
				GCC_DYNAMIC_NO_PIC = NO;
				GCC_NO_COMMON_BLOCKS = YES;
				GCC_OPTIMIZATION_LEVEL = 0;
				GCC_PREPROCESSOR_DEFINITIONS = (
					"DEBUG=1",
					"$(inherited)",
				);
				GCC_WARN_64_TO_32_BIT_CONVERSION = YES;
				GCC_WARN_ABOUT_RETURN_TYPE = YES_ERROR;
				GCC_WARN_UNDECLARED_SELECTOR = YES;
				GCC_WARN_UNINITIALIZED_AUTOS = YES_AGGRESSIVE;
				GCC_WARN_UNUSED_FUNCTION = YES;
				GCC_WARN_UNUSED_VARIABLE = YES;
				IPHONEOS_DEPLOYMENT_TARGET = 18.2;
				LOCALIZATION_PREFERS_STRING_CATALOGS = YES;
				MTL_ENABLE_DEBUG_INFO = INCLUDE_SOURCE;
				MTL_FAST_MATH = YES;
				ONLY_ACTIVE_ARCH = YES;
				SDKROOT = iphoneos;
				SWIFT_ACTIVE_COMPILATION_CONDITIONS = "DEBUG $(inherited)";
				SWIFT_OPTIMIZATION_LEVEL = "-Onone";
			};
			name = Debug;
		};
		A4EC8D322E25CAC700F038F4 /* Release */ = {
			isa = XCBuildConfiguration;
			buildSettings = {
				ALWAYS_SEARCH_USER_PATHS = NO;
				ASSETCATALOG_COMPILER_GENERATE_SWIFT_ASSET_SYMBOL_EXTENSIONS = YES;
				CLANG_ANALYZER_NONNULL = YES;
				CLANG_ANALYZER_NUMBER_OBJECT_CONVERSION = YES_AGGRESSIVE;
				CLANG_CXX_LANGUAGE_STANDARD = "gnu++20";
				CLANG_ENABLE_MODULES = YES;
				CLANG_ENABLE_OBJC_ARC = YES;
				CLANG_ENABLE_OBJC_WEAK = YES;
				CLANG_WARN_BLOCK_CAPTURE_AUTORELEASING = YES;
				CLANG_WARN_BOOL_CONVERSION = YES;
				CLANG_WARN_COMMA = YES;
				CLANG_WARN_CONSTANT_CONVERSION = YES;
				CLANG_WARN_DEPRECATED_OBJC_IMPLEMENTATIONS = YES;
				CLANG_WARN_DIRECT_OBJC_ISA_USAGE = YES_ERROR;
				CLANG_WARN_DOCUMENTATION_COMMENTS = YES;
				CLANG_WARN_EMPTY_BODY = YES;
				CLANG_WARN_ENUM_CONVERSION = YES;
				CLANG_WARN_INFINITE_RECURSION = YES;
				CLANG_WARN_INT_CONVERSION = YES;
				CLANG_WARN_NON_LITERAL_NULL_CONVERSION = YES;
				CLANG_WARN_OBJC_IMPLICIT_RETAIN_SELF = YES;
				CLANG_WARN_OBJC_LITERAL_CONVERSION = YES;
				CLANG_WARN_OBJC_ROOT_CLASS = YES_ERROR;
				CLANG_WARN_QUOTED_INCLUDE_IN_FRAMEWORK_HEADER = YES;
				CLANG_WARN_RANGE_LOOP_ANALYSIS = YES;
				CLANG_WARN_STRICT_PROTOTYPES = YES;
				CLANG_WARN_SUSPICIOUS_MOVE = YES;
				CLANG_WARN_UNGUARDED_AVAILABILITY = YES_AGGRESSIVE;
				CLANG_WARN_UNREACHABLE_CODE = YES;
				CLANG_WARN__DUPLICATE_METHOD_MATCH = YES;
				COPY_PHASE_STRIP = NO;
				DEBUG_INFORMATION_FORMAT = "dwarf-with-dsym";
				ENABLE_NS_ASSERTIONS = NO;
				ENABLE_STRICT_OBJC_MSGSEND = YES;
				ENABLE_USER_SCRIPT_SANDBOXING = YES;
				GCC_C_LANGUAGE_STANDARD = gnu17;
				GCC_NO_COMMON_BLOCKS = YES;
				GCC_WARN_64_TO_32_BIT_CONVERSION = YES;
				GCC_WARN_ABOUT_RETURN_TYPE = YES_ERROR;
				GCC_WARN_UNDECLARED_SELECTOR = YES;
				GCC_WARN_UNINITIALIZED_AUTOS = YES_AGGRESSIVE;
				GCC_WARN_UNUSED_FUNCTION = YES;
				GCC_WARN_UNUSED_VARIABLE = YES;
				IPHONEOS_DEPLOYMENT_TARGET = 18.2;
				LOCALIZATION_PREFERS_STRING_CATALOGS = YES;
				MTL_ENABLE_DEBUG_INFO = NO;
				MTL_FAST_MATH = YES;
				SDKROOT = iphoneos;
				SWIFT_COMPILATION_MODE = wholemodule;
				VALIDATE_PRODUCT = YES;
			};
			name = Release;
		};
		A4EC8D342E25CAC700F038F4 /* Debug */ = {
			isa = XCBuildConfiguration;
			buildSettings = {
				ASSETCATALOG_COMPILER_APPICON_NAME = AppIcon;
				ASSETCATALOG_COMPILER_GLOBAL_ACCENT_COLOR_NAME = AccentColor;
				CODE_SIGN_STYLE = Automatic;
				CURRENT_PROJECT_VERSION = 1;
				DEVELOPMENT_ASSET_PATHS = "\"iHabit/Preview Content\"";
				ENABLE_PREVIEWS = YES;
				GENERATE_INFOPLIST_FILE = YES;
				INFOPLIST_KEY_UIApplicationSceneManifest_Generation = YES;
				INFOPLIST_KEY_UIApplicationSupportsIndirectInputEvents = YES;
				INFOPLIST_KEY_UILaunchScreen_Generation = YES;
				INFOPLIST_KEY_UISupportedInterfaceOrientations_iPad = "UIInterfaceOrientationPortrait UIInterfaceOrientationPortraitUpsideDown UIInterfaceOrientationLandscapeLeft UIInterfaceOrientationLandscapeRight";
				INFOPLIST_KEY_UISupportedInterfaceOrientations_iPhone = "UIInterfaceOrientationPortrait UIInterfaceOrientationLandscapeLeft UIInterfaceOrientationLandscapeRight";
				LD_RUNPATH_SEARCH_PATHS = (
					"$(inherited)",
					"@executable_path/Frameworks",
				);
				MARKETING_VERSION = 1.0;
				PRODUCT_BUNDLE_IDENTIFIER = "warren-sui-made-it.iHabit";
				PRODUCT_NAME = "$(TARGET_NAME)";
				SWIFT_EMIT_LOC_STRINGS = YES;
				SWIFT_VERSION = 5.0;
				TARGETED_DEVICE_FAMILY = "1,2";
			};
			name = Debug;
		};
		A4EC8D352E25CAC700F038F4 /* Release */ = {
			isa = XCBuildConfiguration;
			buildSettings = {
				ASSETCATALOG_COMPILER_APPICON_NAME = AppIcon;
				ASSETCATALOG_COMPILER_GLOBAL_ACCENT_COLOR_NAME = AccentColor;
				CODE_SIGN_STYLE = Automatic;
				CURRENT_PROJECT_VERSION = 1;
				DEVELOPMENT_ASSET_PATHS = "\"iHabit/Preview Content\"";
				ENABLE_PREVIEWS = YES;
				GENERATE_INFOPLIST_FILE = YES;
				INFOPLIST_KEY_UIApplicationSceneManifest_Generation = YES;
				INFOPLIST_KEY_UIApplicationSupportsIndirectInputEvents = YES;
				INFOPLIST_KEY_UILaunchScreen_Generation = YES;
				INFOPLIST_KEY_UISupportedInterfaceOrientations_iPad = "UIInterfaceOrientationPortrait UIInterfaceOrientationPortraitUpsideDown UIInterfaceOrientationLandscapeLeft UIInterfaceOrientationLandscapeRight";
				INFOPLIST_KEY_UISupportedInterfaceOrientations_iPhone = "UIInterfaceOrientationPortrait UIInterfaceOrientationLandscapeLeft UIInterfaceOrientationLandscapeRight";
				LD_RUNPATH_SEARCH_PATHS = (
					"$(inherited)",
					"@executable_path/Frameworks",
				);
				MARKETING_VERSION = 1.0;
				PRODUCT_BUNDLE_IDENTIFIER = "warren-sui-made-it.iHabit";
				PRODUCT_NAME = "$(TARGET_NAME)";
				SWIFT_EMIT_LOC_STRINGS = YES;
				SWIFT_VERSION = 5.0;
				TARGETED_DEVICE_FAMILY = "1,2";
			};
			name = Release;
		};
		A4EC8D372E25CAC700F038F4 /* Debug */ = {
			isa = XCBuildConfiguration;
			buildSettings = {
				BUNDLE_LOADER = "$(TEST_HOST)";
				CODE_SIGN_STYLE = Automatic;
				CURRENT_PROJECT_VERSION = 1;
				GENERATE_INFOPLIST_FILE = YES;
				IPHONEOS_DEPLOYMENT_TARGET = 18.2;
				MARKETING_VERSION = 1.0;
				PRODUCT_BUNDLE_IDENTIFIER = "warren-sui-made-it.iHabitTests";
				PRODUCT_NAME = "$(TARGET_NAME)";
				SWIFT_EMIT_LOC_STRINGS = NO;
				SWIFT_VERSION = 5.0;
				TARGETED_DEVICE_FAMILY = "1,2";
				TEST_HOST = "$(BUILT_PRODUCTS_DIR)/iHabit.app/$(BUNDLE_EXECUTABLE_FOLDER_PATH)/iHabit";
			};
			name = Debug;
		};
		A4EC8D382E25CAC700F038F4 /* Release */ = {
			isa = XCBuildConfiguration;
			buildSettings = {
				BUNDLE_LOADER = "$(TEST_HOST)";
				CODE_SIGN_STYLE = Automatic;
				CURRENT_PROJECT_VERSION = 1;
				GENERATE_INFOPLIST_FILE = YES;
				IPHONEOS_DEPLOYMENT_TARGET = 18.2;
				MARKETING_VERSION = 1.0;
				PRODUCT_BUNDLE_IDENTIFIER = "warren-sui-made-it.iHabitTests";
				PRODUCT_NAME = "$(TARGET_NAME)";
				SWIFT_EMIT_LOC_STRINGS = NO;
				SWIFT_VERSION = 5.0;
				TARGETED_DEVICE_FAMILY = "1,2";
				TEST_HOST = "$(BUILT_PRODUCTS_DIR)/iHabit.app/$(BUNDLE_EXECUTABLE_FOLDER_PATH)/iHabit";
			};
			name = Release;
		};
		A4EC8D3A2E25CAC700F038F4 /* Debug */ = {
			isa = XCBuildConfiguration;
			buildSettings = {
				CODE_SIGN_STYLE = Automatic;
				CURRENT_PROJECT_VERSION = 1;
				GENERATE_INFOPLIST_FILE = YES;
				MARKETING_VERSION = 1.0;
				PRODUCT_BUNDLE_IDENTIFIER = "warren-sui-made-it.iHabitUITests";
				PRODUCT_NAME = "$(TARGET_NAME)";
				SWIFT_EMIT_LOC_STRINGS = NO;
				SWIFT_VERSION = 5.0;
				TARGETED_DEVICE_FAMILY = "1,2";
				TEST_TARGET_NAME = iHabit;
			};
			name = Debug;
		};
		A4EC8D3B2E25CAC700F038F4 /* Release */ = {
			isa = XCBuildConfiguration;
			buildSettings = {
				CODE_SIGN_STYLE = Automatic;
				CURRENT_PROJECT_VERSION = 1;
				GENERATE_INFOPLIST_FILE = YES;
				MARKETING_VERSION = 1.0;
				PRODUCT_BUNDLE_IDENTIFIER = "warren-sui-made-it.iHabitUITests";
				PRODUCT_NAME = "$(TARGET_NAME)";
				SWIFT_EMIT_LOC_STRINGS = NO;
				SWIFT_VERSION = 5.0;
				TARGETED_DEVICE_FAMILY = "1,2";
				TEST_TARGET_NAME = iHabit;
			};
			name = Release;
		};
/* End XCBuildConfiguration section */

/* Begin XCConfigurationList section */
		A4EC8D0A2E25CAC500F038F4 /* Build configuration list for PBXProject "iHabit" */ = {
			isa = XCConfigurationList;
			buildConfigurations = (
				A4EC8D312E25CAC700F038F4 /* Debug */,
				A4EC8D322E25CAC700F038F4 /* Release */,
			);
			defaultConfigurationIsVisible = 0;
			defaultConfigurationName = Release;
		};
		A4EC8D332E25CAC700F038F4 /* Build configuration list for PBXNativeTarget "iHabit" */ = {
			isa = XCConfigurationList;
			buildConfigurations = (
				A4EC8D342E25CAC700F038F4 /* Debug */,
				A4EC8D352E25CAC700F038F4 /* Release */,
			);
			defaultConfigurationIsVisible = 0;
			defaultConfigurationName = Release;
		};
		A4EC8D362E25CAC700F038F4 /* Build configuration list for PBXNativeTarget "iHabitTests" */ = {
			isa = XCConfigurationList;
			buildConfigurations = (
				A4EC8D372E25CAC700F038F4 /* Debug */,
				A4EC8D382E25CAC700F038F4 /* Release */,
			);
			defaultConfigurationIsVisible = 0;
			defaultConfigurationName = Release;
		};
		A4EC8D392E25CAC700F038F4 /* Build configuration list for PBXNativeTarget "iHabitUITests" */ = {
			isa = XCConfigurationList;
			buildConfigurations = (
				A4EC8D3A2E25CAC700F038F4 /* Debug */,
				A4EC8D3B2E25CAC700F038F4 /* Release */,
			);
			defaultConfigurationIsVisible = 0;
			defaultConfigurationName = Release;
		};
/* End XCConfigurationList section */
	};
	rootObject = A4EC8D072E25CAC500F038F4 /* Project object */;
}
