// !$*UTF8*$!
{
	archiveVersion = 1;
	classes = {
	};
	objectVersion = 77;
	objects = {

/* Begin PBXBuildFile section */
		A4D8E2632E72036C00A3A20E /* PythonKit in Frameworks */ = {isa = PBXBuildFile; productRef = A4D8E2622E72036C00A3A20E /* PythonKit */; };
/* End PBXBuildFile section */

/* Begin PBXContainerItemProxy section */
		A4F4C6AC2E71DDC3006895B9 /* PBXContainerItemProxy */ = {
			isa = PBXContainerItemProxy;
			containerPortal = A4F4C6952E71DDBF006895B9 /* Project object */;
			proxyType = 1;
			remoteGlobalIDString = A4F4C69C2E71DDBF006895B9;
			remoteInfo = "NBA Player Comparer (Mac)";
		};
		A4F4C6B62E71DDC3006895B9 /* PBXContainerItemProxy */ = {
			isa = PBXContainerItemProxy;
			containerPortal = A4F4C6952E71DDBF006895B9 /* Project object */;
			proxyType = 1;
			remoteGlobalIDString = A4F4C69C2E71DDBF006895B9;
			remoteInfo = "NBA Player Comparer (Mac)";
		};
/* End PBXContainerItemProxy section */

/* Begin PBXFileReference section */
		A4F4C69D2E71DDBF006895B9 /* NBA Player Comparer (Mac).app */ = {isa = PBXFileReference; explicitFileType = wrapper.application; includeInIndex = 0; path = "NBA Player Comparer (Mac).app"; sourceTree = BUILT_PRODUCTS_DIR; };
		A4F4C6AB2E71DDC3006895B9 /* NBA Player Comparer (Mac)Tests.xctest */ = {isa = PBXFileReference; explicitFileType = wrapper.cfbundle; includeInIndex = 0; path = "NBA Player Comparer (Mac)Tests.xctest"; sourceTree = BUILT_PRODUCTS_DIR; };
		A4F4C6B52E71DDC3006895B9 /* NBA Player Comparer (Mac)UITests.xctest */ = {isa = PBXFileReference; explicitFileType = wrapper.cfbundle; includeInIndex = 0; path = "NBA Player Comparer (Mac)UITests.xctest"; sourceTree = BUILT_PRODUCTS_DIR; };
/* End PBXFileReference section */

/* Begin PBXFileSystemSynchronizedRootGroup section */
		A4F4C69F2E71DDBF006895B9 /* NBA Player Comparer (Mac) */ = {
			isa = PBXFileSystemSynchronizedRootGroup;
			path = "NBA Player Comparer (Mac)";
			sourceTree = "<group>";
		};
		A4F4C6AE2E71DDC3006895B9 /* NBA Player Comparer (Mac)Tests */ = {
			isa = PBXFileSystemSynchronizedRootGroup;
			path = "NBA Player Comparer (Mac)Tests";
			sourceTree = "<group>";
		};
		A4F4C6B82E71DDC3006895B9 /* NBA Player Comparer (Mac)UITests */ = {
			isa = PBXFileSystemSynchronizedRootGroup;
			path = "NBA Player Comparer (Mac)UITests";
			sourceTree = "<group>";
		};
/* End PBXFileSystemSynchronizedRootGroup section */

/* Begin PBXFrameworksBuildPhase section */
		A4F4C69A2E71DDBF006895B9 /* Frameworks */ = {
			isa = PBXFrameworksBuildPhase;
			buildActionMask = 2147483647;
			files = (
				A4D8E2632E72036C00A3A20E /* PythonKit in Frameworks */,
			);
			runOnlyForDeploymentPostprocessing = 0;
		};
		A4F4C6A82E71DDC3006895B9 /* Frameworks */ = {
			isa = PBXFrameworksBuildPhase;
			buildActionMask = 2147483647;
			files = (
			);
			runOnlyForDeploymentPostprocessing = 0;
		};
		A4F4C6B22E71DDC3006895B9 /* Frameworks */ = {
			isa = PBXFrameworksBuildPhase;
			buildActionMask = 2147483647;
			files = (
			);
			runOnlyForDeploymentPostprocessing = 0;
		};
/* End PBXFrameworksBuildPhase section */

/* Begin PBXGroup section */
		A4D8E2612E72036300A3A20E /* Frameworks */ = {
			isa = PBXGroup;
			children = (
			);
			name = Frameworks;
			sourceTree = "<group>";
		};
		A4F4C6942E71DDBF006895B9 = {
			isa = PBXGroup;
			children = (
				A4F4C69F2E71DDBF006895B9 /* NBA Player Comparer (Mac) */,
				A4F4C6AE2E71DDC3006895B9 /* NBA Player Comparer (Mac)Tests */,
				A4F4C6B82E71DDC3006895B9 /* NBA Player Comparer (Mac)UITests */,
				A4D8E2612E72036300A3A20E /* Frameworks */,
				A4F4C69E2E71DDBF006895B9 /* Products */,
			);
			sourceTree = "<group>";
		};
		A4F4C69E2E71DDBF006895B9 /* Products */ = {
			isa = PBXGroup;
			children = (
				A4F4C69D2E71DDBF006895B9 /* NBA Player Comparer (Mac).app */,
				A4F4C6AB2E71DDC3006895B9 /* NBA Player Comparer (Mac)Tests.xctest */,
				A4F4C6B52E71DDC3006895B9 /* NBA Player Comparer (Mac)UITests.xctest */,
			);
			name = Products;
			sourceTree = "<group>";
		};
/* End PBXGroup section */

/* Begin PBXNativeTarget section */
		A4F4C69C2E71DDBF006895B9 /* NBA Player Comparer (Mac) */ = {
			isa = PBXNativeTarget;
			buildConfigurationList = A4F4C6BF2E71DDC3006895B9 /* Build configuration list for PBXNativeTarget "NBA Player Comparer (Mac)" */;
			buildPhases = (
				A4F4C6992E71DDBF006895B9 /* Sources */,
				A4F4C69A2E71DDBF006895B9 /* Frameworks */,
				A4F4C69B2E71DDBF006895B9 /* Resources */,
			);
			buildRules = (
			);
			dependencies = (
			);
			fileSystemSynchronizedGroups = (
				A4F4C69F2E71DDBF006895B9 /* NBA Player Comparer (Mac) */,
			);
			name = "NBA Player Comparer (Mac)";
			packageProductDependencies = (
				A4D8E2622E72036C00A3A20E /* PythonKit */,
			);
			productName = "NBA Player Comparer (Mac)";
			productReference = A4F4C69D2E71DDBF006895B9 /* NBA Player Comparer (Mac).app */;
			productType = "com.apple.product-type.application";
		};
		A4F4C6AA2E71DDC3006895B9 /* NBA Player Comparer (Mac)Tests */ = {
			isa = PBXNativeTarget;
			buildConfigurationList = A4F4C6C22E71DDC3006895B9 /* Build configuration list for PBXNativeTarget "NBA Player Comparer (Mac)Tests" */;
			buildPhases = (
				A4F4C6A72E71DDC3006895B9 /* Sources */,
				A4F4C6A82E71DDC3006895B9 /* Frameworks */,
				A4F4C6A92E71DDC3006895B9 /* Resources */,
			);
			buildRules = (
			);
			dependencies = (
				A4F4C6AD2E71DDC3006895B9 /* PBXTargetDependency */,
			);
			fileSystemSynchronizedGroups = (
				A4F4C6AE2E71DDC3006895B9 /* NBA Player Comparer (Mac)Tests */,
			);
			name = "NBA Player Comparer (Mac)Tests";
			packageProductDependencies = (
			);
			productName = "NBA Player Comparer (Mac)Tests";
			productReference = A4F4C6AB2E71DDC3006895B9 /* NBA Player Comparer (Mac)Tests.xctest */;
			productType = "com.apple.product-type.bundle.unit-test";
		};
		A4F4C6B42E71DDC3006895B9 /* NBA Player Comparer (Mac)UITests */ = {
			isa = PBXNativeTarget;
			buildConfigurationList = A4F4C6C52E71DDC3006895B9 /* Build configuration list for PBXNativeTarget "NBA Player Comparer (Mac)UITests" */;
			buildPhases = (
				A4F4C6B12E71DDC3006895B9 /* Sources */,
				A4F4C6B22E71DDC3006895B9 /* Frameworks */,
				A4F4C6B32E71DDC3006895B9 /* Resources */,
			);
			buildRules = (
			);
			dependencies = (
				A4F4C6B72E71DDC3006895B9 /* PBXTargetDependency */,
			);
			fileSystemSynchronizedGroups = (
				A4F4C6B82E71DDC3006895B9 /* NBA Player Comparer (Mac)UITests */,
			);
			name = "NBA Player Comparer (Mac)UITests";
			packageProductDependencies = (
			);
			productName = "NBA Player Comparer (Mac)UITests";
			productReference = A4F4C6B52E71DDC3006895B9 /* NBA Player Comparer (Mac)UITests.xctest */;
			productType = "com.apple.product-type.bundle.ui-testing";
		};
/* End PBXNativeTarget section */

/* Begin PBXProject section */
		A4F4C6952E71DDBF006895B9 /* Project object */ = {
			isa = PBXProject;
			attributes = {
				BuildIndependentTargetsInParallel = 1;
				LastSwiftUpdateCheck = 1640;
				LastUpgradeCheck = 1640;
				TargetAttributes = {
					A4F4C69C2E71DDBF006895B9 = {
						CreatedOnToolsVersion = 16.4;
					};
					A4F4C6AA2E71DDC3006895B9 = {
						CreatedOnToolsVersion = 16.4;
						TestTargetID = A4F4C69C2E71DDBF006895B9;
					};
					A4F4C6B42E71DDC3006895B9 = {
						CreatedOnToolsVersion = 16.4;
						TestTargetID = A4F4C69C2E71DDBF006895B9;
					};
				};
			};
			buildConfigurationList = A4F4C6982E71DDBF006895B9 /* Build configuration list for PBXProject "NBA Player Comparer (Mac)" */;
			developmentRegion = en;
			hasScannedForEncodings = 0;
			knownRegions = (
				en,
				Base,
			);
			mainGroup = A4F4C6942E71DDBF006895B9;
			minimizedProjectReferenceProxies = 1;
			packageReferences = (
				A4F4C6ED2E71E0A1006895B9 /* XCRemoteSwiftPackageReference "PythonKit" */,
			);
			preferredProjectObjectVersion = 77;
			productRefGroup = A4F4C69E2E71DDBF006895B9 /* Products */;
			projectDirPath = "";
			projectRoot = "";
			targets = (
				A4F4C69C2E71DDBF006895B9 /* NBA Player Comparer (Mac) */,
				A4F4C6AA2E71DDC3006895B9 /* NBA Player Comparer (Mac)Tests */,
				A4F4C6B42E71DDC3006895B9 /* NBA Player Comparer (Mac)UITests */,
			);
		};
/* End PBXProject section */

/* Begin PBXResourcesBuildPhase section */
		A4F4C69B2E71DDBF006895B9 /* Resources */ = {
			isa = PBXResourcesBuildPhase;
			buildActionMask = 2147483647;
			files = (
			);
			runOnlyForDeploymentPostprocessing = 0;
		};
		A4F4C6A92E71DDC3006895B9 /* Resources */ = {
			isa = PBXResourcesBuildPhase;
			buildActionMask = 2147483647;
			files = (
			);
			runOnlyForDeploymentPostprocessing = 0;
		};
		A4F4C6B32E71DDC3006895B9 /* Resources */ = {
			isa = PBXResourcesBuildPhase;
			buildActionMask = 2147483647;
			files = (
			);
			runOnlyForDeploymentPostprocessing = 0;
		};
/* End PBXResourcesBuildPhase section */

/* Begin PBXSourcesBuildPhase section */
		A4F4C6992E71DDBF006895B9 /* Sources */ = {
			isa = PBXSourcesBuildPhase;
			buildActionMask = 2147483647;
			files = (
			);
			runOnlyForDeploymentPostprocessing = 0;
		};
		A4F4C6A72E71DDC3006895B9 /* Sources */ = {
			isa = PBXSourcesBuildPhase;
			buildActionMask = 2147483647;
			files = (
			);
			runOnlyForDeploymentPostprocessing = 0;
		};
		A4F4C6B12E71DDC3006895B9 /* Sources */ = {
			isa = PBXSourcesBuildPhase;
			buildActionMask = 2147483647;
			files = (
			);
			runOnlyForDeploymentPostprocessing = 0;
		};
/* End PBXSourcesBuildPhase section */

/* Begin PBXTargetDependency section */
		A4F4C6AD2E71DDC3006895B9 /* PBXTargetDependency */ = {
			isa = PBXTargetDependency;
			target = A4F4C69C2E71DDBF006895B9 /* NBA Player Comparer (Mac) */;
			targetProxy = A4F4C6AC2E71DDC3006895B9 /* PBXContainerItemProxy */;
		};
		A4F4C6B72E71DDC3006895B9 /* PBXTargetDependency */ = {
			isa = PBXTargetDependency;
			target = A4F4C69C2E71DDBF006895B9 /* NBA Player Comparer (Mac) */;
			targetProxy = A4F4C6B62E71DDC3006895B9 /* PBXContainerItemProxy */;
		};
/* End PBXTargetDependency section */

/* Begin XCBuildConfiguration section */
		A4F4C6BD2E71DDC3006895B9 /* Debug */ = {
			isa = XCBuildConfiguration;
			buildSettings = {
				ALWAYS_SEARCH_USER_PATHS = NO;
				ASSETCATALOG_COMPILER_GENERATE_SWIFT_ASSET_SYMBOL_EXTENSIONS = YES;
				CLANG_ANALYZER_NONNULL = YES;
				CLANG_ANALYZER_NUMBER_OBJECT_CONVERSION = YES_AGGRESSIVE;
				CLANG_CXX_LANGUAGE_STANDARD = "gnu++20";
				CLANG_ENABLE_MODULES = YES;
				CLANG_ENABLE_OBJC_ARC = YES;
				CLANG_ENABLE_OBJC_WEAK = YES;
				CLANG_WARN_BLOCK_CAPTURE_AUTORELEASING = YES;
				CLANG_WARN_BOOL_CONVERSION = YES;
				CLANG_WARN_COMMA = YES;
				CLANG_WARN_CONSTANT_CONVERSION = YES;
				CLANG_WARN_DEPRECATED_OBJC_IMPLEMENTATIONS = YES;
				CLANG_WARN_DIRECT_OBJC_ISA_USAGE = YES_ERROR;
				CLANG_WARN_DOCUMENTATION_COMMENTS = YES;
				CLANG_WARN_EMPTY_BODY = YES;
				CLANG_WARN_ENUM_CONVERSION = YES;
				CLANG_WARN_INFINITE_RECURSION = YES;
				CLANG_WARN_INT_CONVERSION = YES;
				CLANG_WARN_NON_LITERAL_NULL_CONVERSION = YES;
				CLANG_WARN_OBJC_IMPLICIT_RETAIN_SELF = YES;
				CLANG_WARN_OBJC_LITERAL_CONVERSION = YES;
				CLANG_WARN_OBJC_ROOT_CLASS = YES_ERROR;
				CLANG_WARN_QUOTED_INCLUDE_IN_FRAMEWORK_HEADER = YES;
				CLANG_WARN_RANGE_LOOP_ANALYSIS = YES;
				CLANG_WARN_STRICT_PROTOTYPES = YES;
				CLANG_WARN_SUSPICIOUS_MOVE = YES;
				CLANG_WARN_UNGUARDED_AVAILABILITY = YES_AGGRESSIVE;
				CLANG_WARN_UNREACHABLE_CODE = YES;
				CLANG_WARN__DUPLICATE_METHOD_MATCH = YES;
				COPY_PHASE_STRIP = NO;
				DEBUG_INFORMATION_FORMAT = dwarf;
				ENABLE_STRICT_OBJC_MSGSEND = YES;
				ENABLE_TESTABILITY = YES;
				ENABLE_USER_SCRIPT_SANDBOXING = YES;
				GCC_C_LANGUAGE_STANDARD = gnu17;
				GCC_DYNAMIC_NO_PIC = NO;
				GCC_NO_COMMON_BLOCKS = YES;
				GCC_OPTIMIZATION_LEVEL = 0;
				GCC_PREPROCESSOR_DEFINITIONS = (
					"DEBUG=1",
					"$(inherited)",
				);
				GCC_WARN_64_TO_32_BIT_CONVERSION = YES;
				GCC_WARN_ABOUT_RETURN_TYPE = YES_ERROR;
				GCC_WARN_UNDECLARED_SELECTOR = YES;
				GCC_WARN_UNINITIALIZED_AUTOS = YES_AGGRESSIVE;
				GCC_WARN_UNUSED_FUNCTION = YES;
				GCC_WARN_UNUSED_VARIABLE = YES;
				LOCALIZATION_PREFERS_STRING_CATALOGS = YES;
				MACOSX_DEPLOYMENT_TARGET = 15.5;
				MTL_ENABLE_DEBUG_INFO = INCLUDE_SOURCE;
				MTL_FAST_MATH = YES;
				ONLY_ACTIVE_ARCH = YES;
				SDKROOT = macosx;
				SWIFT_ACTIVE_COMPILATION_CONDITIONS = "DEBUG $(inherited)";
				SWIFT_OPTIMIZATION_LEVEL = "-Onone";
			};
			name = Debug;
		};
		A4F4C6BE2E71DDC3006895B9 /* Release */ = {
			isa = XCBuildConfiguration;
			buildSettings = {
				ALWAYS_SEARCH_USER_PATHS = NO;
				ASSETCATALOG_COMPILER_GENERATE_SWIFT_ASSET_SYMBOL_EXTENSIONS = YES;
				CLANG_ANALYZER_NONNULL = YES;
				CLANG_ANALYZER_NUMBER_OBJECT_CONVERSION = YES_AGGRESSIVE;
				CLANG_CXX_LANGUAGE_STANDARD = "gnu++20";
				CLANG_ENABLE_MODULES = YES;
				CLANG_ENABLE_OBJC_ARC = YES;
				CLANG_ENABLE_OBJC_WEAK = YES;
				CLANG_WARN_BLOCK_CAPTURE_AUTORELEASING = YES;
				CLANG_WARN_BOOL_CONVERSION = YES;
				CLANG_WARN_COMMA = YES;
				CLANG_WARN_CONSTANT_CONVERSION = YES;
				CLANG_WARN_DEPRECATED_OBJC_IMPLEMENTATIONS = YES;
				CLANG_WARN_DIRECT_OBJC_ISA_USAGE = YES_ERROR;
				CLANG_WARN_DOCUMENTATION_COMMENTS = YES;
				CLANG_WARN_EMPTY_BODY = YES;
				CLANG_WARN_ENUM_CONVERSION = YES;
				CLANG_WARN_INFINITE_RECURSION = YES;
				CLANG_WARN_INT_CONVERSION = YES;
				CLANG_WARN_NON_LITERAL_NULL_CONVERSION = YES;
				CLANG_WARN_OBJC_IMPLICIT_RETAIN_SELF = YES;
				CLANG_WARN_OBJC_LITERAL_CONVERSION = YES;
				CLANG_WARN_OBJC_ROOT_CLASS = YES_ERROR;
				CLANG_WARN_QUOTED_INCLUDE_IN_FRAMEWORK_HEADER = YES;
				CLANG_WARN_RANGE_LOOP_ANALYSIS = YES;
				CLANG_WARN_STRICT_PROTOTYPES = YES;
				CLANG_WARN_SUSPICIOUS_MOVE = YES;
				CLANG_WARN_UNGUARDED_AVAILABILITY = YES_AGGRESSIVE;
				CLANG_WARN_UNREACHABLE_CODE = YES;
				CLANG_WARN__DUPLICATE_METHOD_MATCH = YES;
				COPY_PHASE_STRIP = NO;
				DEBUG_INFORMATION_FORMAT = "dwarf-with-dsym";
				ENABLE_NS_ASSERTIONS = NO;
				ENABLE_STRICT_OBJC_MSGSEND = YES;
				ENABLE_USER_SCRIPT_SANDBOXING = YES;
				GCC_C_LANGUAGE_STANDARD = gnu17;
				GCC_NO_COMMON_BLOCKS = YES;
				GCC_WARN_64_TO_32_BIT_CONVERSION = YES;
				GCC_WARN_ABOUT_RETURN_TYPE = YES_ERROR;
				GCC_WARN_UNDECLARED_SELECTOR = YES;
				GCC_WARN_UNINITIALIZED_AUTOS = YES_AGGRESSIVE;
				GCC_WARN_UNUSED_FUNCTION = YES;
				GCC_WARN_UNUSED_VARIABLE = YES;
				LOCALIZATION_PREFERS_STRING_CATALOGS = YES;
				MACOSX_DEPLOYMENT_TARGET = 15.5;
				MTL_ENABLE_DEBUG_INFO = NO;
				MTL_FAST_MATH = YES;
				SDKROOT = macosx;
				SWIFT_COMPILATION_MODE = wholemodule;
			};
			name = Release;
		};
		A4F4C6C02E71DDC3006895B9 /* Debug */ = {
			isa = XCBuildConfiguration;
			buildSettings = {
				ASSETCATALOG_COMPILER_APPICON_NAME = AppIcon;
				ASSETCATALOG_COMPILER_GLOBAL_ACCENT_COLOR_NAME = AccentColor;
				CODE_SIGN_ENTITLEMENTS = "NBA Player Comparer (Mac)/NBA_Player_Comparer__Mac_.entitlements";
				CODE_SIGN_STYLE = Automatic;
				COMBINE_HIDPI_IMAGES = YES;
				CURRENT_PROJECT_VERSION = 1;
				ENABLE_PREVIEWS = YES;
				GENERATE_INFOPLIST_FILE = YES;
				INFOPLIST_FILE = "NBA-Player-Comparer--Mac--Info.plist";
				INFOPLIST_KEY_NSHumanReadableCopyright = "";
				LD_RUNPATH_SEARCH_PATHS = (
					"$(inherited)",
					"@executable_path/../Frameworks",
				);
				MARKETING_VERSION = 1.0;
				PRODUCT_BUNDLE_IDENTIFIER = "warren-sui-made-it.NBA-Player-Comparer--Mac-";
				PRODUCT_NAME = "$(TARGET_NAME)";
				REGISTER_APP_GROUPS = YES;
				SWIFT_EMIT_LOC_STRINGS = YES;
				SWIFT_VERSION = 5.0;
			};
			name = Debug;
		};
		A4F4C6C12E71DDC3006895B9 /* Release */ = {
			isa = XCBuildConfiguration;
			buildSettings = {
				ASSETCATALOG_COMPILER_APPICON_NAME = AppIcon;
				ASSETCATALOG_COMPILER_GLOBAL_ACCENT_COLOR_NAME = AccentColor;
				CODE_SIGN_ENTITLEMENTS = "NBA Player Comparer (Mac)/NBA_Player_Comparer__Mac_.entitlements";
				CODE_SIGN_STYLE = Automatic;
				COMBINE_HIDPI_IMAGES = YES;
				CURRENT_PROJECT_VERSION = 1;
				ENABLE_PREVIEWS = YES;
				GENERATE_INFOPLIST_FILE = YES;
				INFOPLIST_FILE = "NBA-Player-Comparer--Mac--Info.plist";
				INFOPLIST_KEY_NSHumanReadableCopyright = "";
				LD_RUNPATH_SEARCH_PATHS = (
					"$(inherited)",
					"@executable_path/../Frameworks",
				);
				MARKETING_VERSION = 1.0;
				PRODUCT_BUNDLE_IDENTIFIER = "warren-sui-made-it.NBA-Player-Comparer--Mac-";
				PRODUCT_NAME = "$(TARGET_NAME)";
				REGISTER_APP_GROUPS = YES;
				SWIFT_EMIT_LOC_STRINGS = YES;
				SWIFT_VERSION = 5.0;
			};
			name = Release;
		};
		A4F4C6C32E71DDC3006895B9 /* Debug */ = {
			isa = XCBuildConfiguration;
			buildSettings = {
				BUNDLE_LOADER = "$(TEST_HOST)";
				CODE_SIGN_STYLE = Automatic;
				CURRENT_PROJECT_VERSION = 1;
				GENERATE_INFOPLIST_FILE = YES;
				MACOSX_DEPLOYMENT_TARGET = 15.5;
				MARKETING_VERSION = 1.0;
				PRODUCT_BUNDLE_IDENTIFIER = "warren-sui-made-it.NBA-Player-Comparer--Mac-Tests";
				PRODUCT_NAME = "$(TARGET_NAME)";
				SWIFT_EMIT_LOC_STRINGS = NO;
				SWIFT_VERSION = 5.0;
				TEST_HOST = "$(BUILT_PRODUCTS_DIR)/NBA Player Comparer (Mac).app/$(BUNDLE_EXECUTABLE_FOLDER_PATH)/NBA Player Comparer (Mac)";
			};
			name = Debug;
		};
		A4F4C6C42E71DDC3006895B9 /* Release */ = {
			isa = XCBuildConfiguration;
			buildSettings = {
				BUNDLE_LOADER = "$(TEST_HOST)";
				CODE_SIGN_STYLE = Automatic;
				CURRENT_PROJECT_VERSION = 1;
				GENERATE_INFOPLIST_FILE = YES;
				MACOSX_DEPLOYMENT_TARGET = 15.5;
				MARKETING_VERSION = 1.0;
				PRODUCT_BUNDLE_IDENTIFIER = "warren-sui-made-it.NBA-Player-Comparer--Mac-Tests";
				PRODUCT_NAME = "$(TARGET_NAME)";
				SWIFT_EMIT_LOC_STRINGS = NO;
				SWIFT_VERSION = 5.0;
				TEST_HOST = "$(BUILT_PRODUCTS_DIR)/NBA Player Comparer (Mac).app/$(BUNDLE_EXECUTABLE_FOLDER_PATH)/NBA Player Comparer (Mac)";
			};
			name = Release;
		};
		A4F4C6C62E71DDC3006895B9 /* Debug */ = {
			isa = XCBuildConfiguration;
			buildSettings = {
				CODE_SIGN_STYLE = Automatic;
				CURRENT_PROJECT_VERSION = 1;
				GENERATE_INFOPLIST_FILE = YES;
				MARKETING_VERSION = 1.0;
				PRODUCT_BUNDLE_IDENTIFIER = "warren-sui-made-it.NBA-Player-Comparer--Mac-UITests";
				PRODUCT_NAME = "$(TARGET_NAME)";
				SWIFT_EMIT_LOC_STRINGS = NO;
				SWIFT_VERSION = 5.0;
				TEST_TARGET_NAME = "NBA Player Comparer (Mac)";
			};
			name = Debug;
		};
		A4F4C6C72E71DDC3006895B9 /* Release */ = {
			isa = XCBuildConfiguration;
			buildSettings = {
				CODE_SIGN_STYLE = Automatic;
				CURRENT_PROJECT_VERSION = 1;
				GENERATE_INFOPLIST_FILE = YES;
				MARKETING_VERSION = 1.0;
				PRODUCT_BUNDLE_IDENTIFIER = "warren-sui-made-it.NBA-Player-Comparer--Mac-UITests";
				PRODUCT_NAME = "$(TARGET_NAME)";
				SWIFT_EMIT_LOC_STRINGS = NO;
				SWIFT_VERSION = 5.0;
				TEST_TARGET_NAME = "NBA Player Comparer (Mac)";
			};
			name = Release;
		};
/* End XCBuildConfiguration section */

/* Begin XCConfigurationList section */
		A4F4C6982E71DDBF006895B9 /* Build configuration list for PBXProject "NBA Player Comparer (Mac)" */ = {
			isa = XCConfigurationList;
			buildConfigurations = (
				A4F4C6BD2E71DDC3006895B9 /* Debug */,
				A4F4C6BE2E71DDC3006895B9 /* Release */,
			);
			defaultConfigurationIsVisible = 0;
			defaultConfigurationName = Release;
		};
		A4F4C6BF2E71DDC3006895B9 /* Build configuration list for PBXNativeTarget "NBA Player Comparer (Mac)" */ = {
			isa = XCConfigurationList;
			buildConfigurations = (
				A4F4C6C02E71DDC3006895B9 /* Debug */,
				A4F4C6C12E71DDC3006895B9 /* Release */,
			);
			defaultConfigurationIsVisible = 0;
			defaultConfigurationName = Release;
		};
		A4F4C6C22E71DDC3006895B9 /* Build configuration list for PBXNativeTarget "NBA Player Comparer (Mac)Tests" */ = {
			isa = XCConfigurationList;
			buildConfigurations = (
				A4F4C6C32E71DDC3006895B9 /* Debug */,
				A4F4C6C42E71DDC3006895B9 /* Release */,
			);
			defaultConfigurationIsVisible = 0;
			defaultConfigurationName = Release;
		};
		A4F4C6C52E71DDC3006895B9 /* Build configuration list for PBXNativeTarget "NBA Player Comparer (Mac)UITests" */ = {
			isa = XCConfigurationList;
			buildConfigurations = (
				A4F4C6C62E71DDC3006895B9 /* Debug */,
				A4F4C6C72E71DDC3006895B9 /* Release */,
			);
			defaultConfigurationIsVisible = 0;
			defaultConfigurationName = Release;
		};
/* End XCConfigurationList section */

/* Begin XCRemoteSwiftPackageReference section */
		A4F4C6ED2E71E0A1006895B9 /* XCRemoteSwiftPackageReference "PythonKit" */ = {
			isa = XCRemoteSwiftPackageReference;
			repositoryURL = "https://github.com/pvieito/PythonKit";
			requirement = {
				branch = master;
				kind = branch;
			};
		};
/* End XCRemoteSwiftPackageReference section */

/* Begin XCSwiftPackageProductDependency section */
		A4D8E2622E72036C00A3A20E /* PythonKit */ = {
			isa = XCSwiftPackageProductDependency;
			package = A4F4C6ED2E71E0A1006895B9 /* XCRemoteSwiftPackageReference "PythonKit" */;
			productName = PythonKit;
		};
/* End XCSwiftPackageProductDependency section */
	};
	rootObject = A4F4C6952E71DDBF006895B9 /* Project object */;
}
